
Microsoft Visual Studio Solution File, Format Version 11.00
# Visual Studio 2010
Project("{FAE04EC0-301F-11D3-BF4B-00C04F79EFBC}") = "SimpleSqlServer", "SimpleSqlServer\SimpleSqlServer.csproj", "{CD975F4A-B096-4E19-A755-55DE890AC38A}"
EndProject
Project("{FAE04EC0-301F-11D3-BF4B-00C04F79EFBC}") = "SimpleSqlServerTest", "SimpleSqlServerTest\SimpleSqlServerTest.csproj", "{FE3279AB-D1B4-4D34-B121-18F404A91FC9}"
EndProject
Project("{2150E333-8FDC-42A3-9474-1A3956D46DE8}") = "Solution Items", "Solution Items", "{3786B9BC-B4ED-4523-B1CC-FF418014E1E6}"
	ProjectSection(SolutionItems) = preProject
		Local.testsettings = Local.testsettings
		SimpleSqlServer.vsmdi = SimpleSqlServer.vsmdi
		TraceAndTestImpact.testsettings = TraceAndTestImpact.testsettings
	EndProjectSection
EndProject
Global
	GlobalSection(TestCaseManagementSettings) = postSolution
		CategoryFile = SimpleSqlServer.vsmdi
	EndGlobalSection
	GlobalSection(SolutionConfigurationPlatforms) = preSolution
		Debug|Any CPU = Debug|Any CPU
		Release|Any CPU = Release|Any CPU
	EndGlobalSection
	GlobalSection(ProjectConfigurationPlatforms) = postSolution
		{CD975F4A-B096-4E19-A755-55DE890AC38A}.Debug|Any CPU.ActiveCfg = Debug|Any CPU
		{CD975F4A-B096-4E19-A755-55DE890AC38A}.Debug|Any CPU.Build.0 = Debug|Any CPU
		{CD975F4A-B096-4E19-A755-55DE890AC38A}.Release|Any CPU.ActiveCfg = Release|Any CPU
		{CD975F4A-B096-4E19-A755-55DE890AC38A}.Release|Any CPU.Build.0 = Release|Any CPU
		{FE3279AB-D1B4-4D34-B121-18F404A91FC9}.Debug|Any CPU.ActiveCfg = Debug|Any CPU
		{FE3279AB-D1B4-4D34-B121-18F404A91FC9}.Debug|Any CPU.Build.0 = Debug|Any CPU
		{FE3279AB-D1B4-4D34-B121-18F404A91FC9}.Release|Any CPU.ActiveCfg = Release|Any CPU
		{FE3279AB-D1B4-4D34-B121-18F404A91FC9}.Release|Any CPU.Build.0 = Release|Any CPU
	EndGlobalSection
	GlobalSection(SolutionProperties) = preSolution
		HideSolutionNode = FALSE
	EndGlobalSection
EndGlobal
